
Microsoft Visual Studio Solution File, Format Version 12.00
# Visual Studio Version 17
VisualStudioVersion = 17.0.31903.59
MinimumVisualStudioVersion = 10.0.40219.1
Project("{2150E333-8FDC-42A3-9474-1A3956D46DE8}") = "src", "src", "{827E0CD3-B72D-47B6-A68D-7590B98EB39B}"
EndProject
Project("{FAE04EC0-301F-11D3-BF4B-00C04F79EFBC}") = "UserManagement.Domain", "src\UserManagement.Domain\UserManagement.Domain.csproj", "{C74B7016-9498-414F-B204-0D231D351F9C}"
EndProject
Project("{FAE04EC0-301F-11D3-BF4B-00C04F79EFBC}") = "UserManagement.Application", "src\UserManagement.Application\UserManagement.Application.csproj", "{CCD0957B-E4AE-487B-9715-7E68E6B68995}"
EndProject
Project("{FAE04EC0-301F-11D3-BF4B-00C04F79EFBC}") = "UserManagement.Infrastructure", "src\UserManagement.Infrastructure\UserManagement.Infrastructure.csproj", "{EFCDF6A5-1859-4CC1-A37A-B881EF95A540}"
EndProject
Project("{FAE04EC0-301F-11D3-BF4B-00C04F79EFBC}") = "UserManagement.Api", "src\UserManagement.Api\UserManagement.Api.csproj", "{644BA4D6-C21D-4D57-8A1E-9D70BC77BE73}"
EndProject
Project("{2150E333-8FDC-42A3-9474-1A3956D46DE8}") = "tests", "tests", "{0AB3BF05-4346-4AA6-1389-037BE0695223}"
EndProject
Project("{FAE04EC0-301F-11D3-BF4B-00C04F79EFBC}") = "UserManagement.Tests", "tests\UserManagement.Tests\UserManagement.Tests.csproj", "{7D98FBB4-6029-47DE-882B-8B5CDE8103ED}"
EndProject
Global
	GlobalSection(SolutionConfigurationPlatforms) = preSolution
		Debug|Any CPU = Debug|Any CPU
		Debug|x64 = Debug|x64
		Debug|x86 = Debug|x86
		Release|Any CPU = Release|Any CPU
		Release|x64 = Release|x64
		Release|x86 = Release|x86
	EndGlobalSection
	GlobalSection(ProjectConfigurationPlatforms) = postSolution
		{C74B7016-9498-414F-B204-0D231D351F9C}.Debug|Any CPU.ActiveCfg = Debug|Any CPU
		{C74B7016-9498-414F-B204-0D231D351F9C}.Debug|Any CPU.Build.0 = Debug|Any CPU
		{C74B7016-9498-414F-B204-0D231D351F9C}.Debug|x64.ActiveCfg = Debug|Any CPU
		{C74B7016-9498-414F-B204-0D231D351F9C}.Debug|x64.Build.0 = Debug|Any CPU
		{C74B7016-9498-414F-B204-0D231D351F9C}.Debug|x86.ActiveCfg = Debug|Any CPU
		{C74B7016-9498-414F-B204-0D231D351F9C}.Debug|x86.Build.0 = Debug|Any CPU
		{C74B7016-9498-414F-B204-0D231D351F9C}.Release|Any CPU.ActiveCfg = Release|Any CPU
		{C74B7016-9498-414F-B204-0D231D351F9C}.Release|Any CPU.Build.0 = Release|Any CPU
		{C74B7016-9498-414F-B204-0D231D351F9C}.Release|x64.ActiveCfg = Release|Any CPU
		{C74B7016-9498-414F-B204-0D231D351F9C}.Release|x64.Build.0 = Release|Any CPU
		{C74B7016-9498-414F-B204-0D231D351F9C}.Release|x86.ActiveCfg = Release|Any CPU
		{C74B7016-9498-414F-B204-0D231D351F9C}.Release|x86.Build.0 = Release|Any CPU
		{CCD0957B-E4AE-487B-9715-7E68E6B68995}.Debug|Any CPU.ActiveCfg = Debug|Any CPU
		{CCD0957B-E4AE-487B-9715-7E68E6B68995}.Debug|Any CPU.Build.0 = Debug|Any CPU
		{CCD0957B-E4AE-487B-9715-7E68E6B68995}.Debug|x64.ActiveCfg = Debug|Any CPU
		{CCD0957B-E4AE-487B-9715-7E68E6B68995}.Debug|x64.Build.0 = Debug|Any CPU
		{CCD0957B-E4AE-487B-9715-7E68E6B68995}.Debug|x86.ActiveCfg = Debug|Any CPU
		{CCD0957B-E4AE-487B-9715-7E68E6B68995}.Debug|x86.Build.0 = Debug|Any CPU
		{CCD0957B-E4AE-487B-9715-7E68E6B68995}.Release|Any CPU.ActiveCfg = Release|Any CPU
		{CCD0957B-E4AE-487B-9715-7E68E6B68995}.Release|Any CPU.Build.0 = Release|Any CPU
		{CCD0957B-E4AE-487B-9715-7E68E6B68995}.Release|x64.ActiveCfg = Release|Any CPU
		{CCD0957B-E4AE-487B-9715-7E68E6B68995}.Release|x64.Build.0 = Release|Any CPU
		{CCD0957B-E4AE-487B-9715-7E68E6B68995}.Release|x86.ActiveCfg = Release|Any CPU
		{CCD0957B-E4AE-487B-9715-7E68E6B68995}.Release|x86.Build.0 = Release|Any CPU
		{EFCDF6A5-1859-4CC1-A37A-B881EF95A540}.Debug|Any CPU.ActiveCfg = Debug|Any CPU
		{EFCDF6A5-1859-4CC1-A37A-B881EF95A540}.Debug|Any CPU.Build.0 = Debug|Any CPU
		{EFCDF6A5-1859-4CC1-A37A-B881EF95A540}.Debug|x64.ActiveCfg = Debug|Any CPU
		{EFCDF6A5-1859-4CC1-A37A-B881EF95A540}.Debug|x64.Build.0 = Debug|Any CPU
		{EFCDF6A5-1859-4CC1-A37A-B881EF95A540}.Debug|x86.ActiveCfg = Debug|Any CPU
		{EFCDF6A5-1859-4CC1-A37A-B881EF95A540}.Debug|x86.Build.0 = Debug|Any CPU
		{EFCDF6A5-1859-4CC1-A37A-B881EF95A540}.Release|Any CPU.ActiveCfg = Release|Any CPU
		{EFCDF6A5-1859-4CC1-A37A-B881EF95A540}.Release|Any CPU.Build.0 = Release|Any CPU
		{EFCDF6A5-1859-4CC1-A37A-B881EF95A540}.Release|x64.ActiveCfg = Release|Any CPU
		{EFCDF6A5-1859-4CC1-A37A-B881EF95A540}.Release|x64.Build.0 = Release|Any CPU
		{EFCDF6A5-1859-4CC1-A37A-B881EF95A540}.Release|x86.ActiveCfg = Release|Any CPU
		{EFCDF6A5-1859-4CC1-A37A-B881EF95A540}.Release|x86.Build.0 = Release|Any CPU
		{644BA4D6-C21D-4D57-8A1E-9D70BC77BE73}.Debug|Any CPU.ActiveCfg = Debug|Any CPU
		{644BA4D6-C21D-4D57-8A1E-9D70BC77BE73}.Debug|Any CPU.Build.0 = Debug|Any CPU
		{644BA4D6-C21D-4D57-8A1E-9D70BC77BE73}.Debug|x64.ActiveCfg = Debug|Any CPU
		{644BA4D6-C21D-4D57-8A1E-9D70BC77BE73}.Debug|x64.Build.0 = Debug|Any CPU
		{644BA4D6-C21D-4D57-8A1E-9D70BC77BE73}.Debug|x86.ActiveCfg = Debug|Any CPU
		{644BA4D6-C21D-4D57-8A1E-9D70BC77BE73}.Debug|x86.Build.0 = Debug|Any CPU
		{644BA4D6-C21D-4D57-8A1E-9D70BC77BE73}.Release|Any CPU.ActiveCfg = Release|Any CPU
		{644BA4D6-C21D-4D57-8A1E-9D70BC77BE73}.Release|Any CPU.Build.0 = Release|Any CPU
		{644BA4D6-C21D-4D57-8A1E-9D70BC77BE73}.Release|x64.ActiveCfg = Release|Any CPU
		{644BA4D6-C21D-4D57-8A1E-9D70BC77BE73}.Release|x64.Build.0 = Release|Any CPU
		{644BA4D6-C21D-4D57-8A1E-9D70BC77BE73}.Release|x86.ActiveCfg = Release|Any CPU
		{644BA4D6-C21D-4D57-8A1E-9D70BC77BE73}.Release|x86.Build.0 = Release|Any CPU
		{7D98FBB4-6029-47DE-882B-8B5CDE8103ED}.Debug|Any CPU.ActiveCfg = Debug|Any CPU
		{7D98FBB4-6029-47DE-882B-8B5CDE8103ED}.Debug|Any CPU.Build.0 = Debug|Any CPU
		{7D98FBB4-6029-47DE-882B-8B5CDE8103ED}.Debug|x64.ActiveCfg = Debug|Any CPU
		{7D98FBB4-6029-47DE-882B-8B5CDE8103ED}.Debug|x64.Build.0 = Debug|Any CPU
		{7D98FBB4-6029-47DE-882B-8B5CDE8103ED}.Debug|x86.ActiveCfg = Debug|Any CPU
		{7D98FBB4-6029-47DE-882B-8B5CDE8103ED}.Debug|x86.Build.0 = Debug|Any CPU
		{7D98FBB4-6029-47DE-882B-8B5CDE8103ED}.Release|Any CPU.ActiveCfg = Release|Any CPU
		{7D98FBB4-6029-47DE-882B-8B5CDE8103ED}.Release|Any CPU.Build.0 = Release|Any CPU
		{7D98FBB4-6029-47DE-882B-8B5CDE8103ED}.Release|x64.ActiveCfg = Release|Any CPU
		{7D98FBB4-6029-47DE-882B-8B5CDE8103ED}.Release|x64.Build.0 = Release|Any CPU
		{7D98FBB4-6029-47DE-882B-8B5CDE8103ED}.Release|x86.ActiveCfg = Release|Any CPU
		{7D98FBB4-6029-47DE-882B-8B5CDE8103ED}.Release|x86.Build.0 = Release|Any CPU
	EndGlobalSection
	GlobalSection(SolutionProperties) = preSolution
		HideSolutionNode = FALSE
	EndGlobalSection
	GlobalSection(NestedProjects) = preSolution
		{C74B7016-9498-414F-B204-0D231D351F9C} = {827E0CD3-B72D-47B6-A68D-7590B98EB39B}
		{CCD0957B-E4AE-487B-9715-7E68E6B68995} = {827E0CD3-B72D-47B6-A68D-7590B98EB39B}
		{EFCDF6A5-1859-4CC1-A37A-B881EF95A540} = {827E0CD3-B72D-47B6-A68D-7590B98EB39B}
		{644BA4D6-C21D-4D57-8A1E-9D70BC77BE73} = {827E0CD3-B72D-47B6-A68D-7590B98EB39B}
		{7D98FBB4-6029-47DE-882B-8B5CDE8103ED} = {0AB3BF05-4346-4AA6-1389-037BE0695223}
	EndGlobalSection
EndGlobal
